
Microsoft Visual Studio Solution File, Format Version 12.00
# Visual Studio Version 17
VisualStudioVersion = 17.11.35208.52
MinimumVisualStudioVersion = 10.0.40219.1
Project("{888888A0-9F3D-457C-B088-3A5042F75D52}") = "formulario.py", "formulario.py\formulario.py.pyproj", "{C9887DDD-2204-4A11-BDC3-2274E49AFCD0}"
EndProject
Global
	GlobalSection(SolutionConfigurationPlatforms) = preSolution
		Debug|Any CPU = Debug|Any CPU
		Release|Any CPU = Release|Any CPU
	EndGlobalSection
	GlobalSection(ProjectConfigurationPlatforms) = postSolution
		{C9887DDD-2204-4A11-BDC3-2274E49AFCD0}.Debug|Any CPU.ActiveCfg = Debug|Any CPU
		{C9887DDD-2204-4A11-BDC3-2274E49AFCD0}.Release|Any CPU.ActiveCfg = Release|Any CPU
	EndGlobalSection
	GlobalSection(SolutionProperties) = preSolution
		HideSolutionNode = FALSE
	EndGlobalSection
	GlobalSection(ExtensibilityGlobals) = postSolution
		SolutionGuid = {78EC8261-0912-4D13-9802-6A69CEF9E264}
	EndGlobalSection
EndGlobal
